
Microsoft Visual Studio Solution File, Format Version 12.00
# Visual Studio 15
VisualStudioVersion = 15.0.27428.2011
MinimumVisualStudioVersion = 10.0.40219.1
Project("{F184B08F-C81C-45F6-A57F-5ABD9991F28F}") = "Battleship_VS", "Battleship_VS.vbproj", "{A4D1EF29-33EC-4354-ACCD-B19AC48A9318}"
EndProject
Global
	GlobalSection(SolutionConfigurationPlatforms) = preSolution
		Debug|x86 = Debug|x86
		Release|x86 = Release|x86
	EndGlobalSection
	GlobalSection(ProjectConfigurationPlatforms) = postSolution
		{A4D1EF29-33EC-4354-ACCD-B19AC48A9318}.Debug|x86.ActiveCfg = Debug|x86
		{A4D1EF29-33EC-4354-ACCD-B19AC48A9318}.Debug|x86.Build.0 = Debug|x86
		{A4D1EF29-33EC-4354-ACCD-B19AC48A9318}.Release|x86.ActiveCfg = Release|x86
		{A4D1EF29-33EC-4354-ACCD-B19AC48A9318}.Release|x86.Build.0 = Release|x86
	EndGlobalSection
	GlobalSection(SolutionProperties) = preSolution
		HideSolutionNode = FALSE
	EndGlobalSection
	GlobalSection(ExtensibilityGlobals) = postSolution
		SolutionGuid = {63E677DB-6432-4498-B2F7-07AA2C8F6E96}
	EndGlobalSection
EndGlobal
